# generated by rye
# use `rye lock` or `rye sync` to update this lockfile
#
# last locked with the following flags:
#   pre: false
#   features: []
#   all-features: false
#   with-sources: false

-e file:.
googleapis-common-protos==1.63.0
    # via viam-sdk
grpclib==0.4.7
    # via viam-sdk
h2==4.1.0
    # via grpclib
hpack==4.0.0
    # via h2
hyperframe==6.0.1
    # via h2
multidict==6.0.5
    # via grpclib
pillow==10.2.0
    # via viam-sdk
protobuf==4.25.3
    # via googleapis-common-protos
    # via viam-sdk
typing-extensions==4.10.0
    # via viam-sdk
viam-sdk==0.15.0
    # via speech-service-api
